
Microsoft Visual Studio Solution File, Format Version 12.00
# Visual Studio 15
VisualStudioVersion = 15.0.26730.12
MinimumVisualStudioVersion = 10.0.40219.1
Project("{FAE04EC0-301F-11D3-BF4B-00C04F79EFBC}") = "JLAPI", "JLAPI\JLAPI.csproj", "{FD541F5E-F0EE-4BD8-A73A-48A13EC91A04}"
EndProject
Global
	GlobalSection(SolutionConfigurationPlatforms) = preSolution
		Debug|Any CPU = Debug|Any CPU
		Release|Any CPU = Release|Any CPU
	EndGlobalSection
	GlobalSection(ProjectConfigurationPlatforms) = postSolution
		{FD541F5E-F0EE-4BD8-A73A-48A13EC91A04}.Debug|Any CPU.ActiveCfg = Debug|Any CPU
		{FD541F5E-F0EE-4BD8-A73A-48A13EC91A04}.Debug|Any CPU.Build.0 = Debug|Any CPU
		{FD541F5E-F0EE-4BD8-A73A-48A13EC91A04}.Release|Any CPU.ActiveCfg = Release|Any CPU
		{FD541F5E-F0EE-4BD8-A73A-48A13EC91A04}.Release|Any CPU.Build.0 = Release|Any CPU
	EndGlobalSection
	GlobalSection(SolutionProperties) = preSolution
		HideSolutionNode = FALSE
	EndGlobalSection
	GlobalSection(ExtensibilityGlobals) = postSolution
		SolutionGuid = {AB1B1137-5384-44CE-8E8B-9D6A0C6373A8}
	EndGlobalSection
EndGlobal
